
Microsoft Visual Studio Solution File, Format Version 12.00
# Visual Studio Version 17
VisualStudioVersion = 17.5.002.0
MinimumVisualStudioVersion = 10.0.40219.1
Project("{9A19103F-16F7-4668-BE54-9A1E7A4F7556}") = "MinimalAPIPeliculas", "MinimalAPIPeliculas.csproj", "{F4A67DC2-1EF8-41F6-B6E3-91C75C1B0C2F}"
EndProject
Global
	GlobalSection(SolutionConfigurationPlatforms) = preSolution
		Debug|Any CPU = Debug|Any CPU
		Release|Any CPU = Release|Any CPU
	EndGlobalSection
	GlobalSection(ProjectConfigurationPlatforms) = postSolution
		{F4A67DC2-1EF8-41F6-B6E3-91C75C1B0C2F}.Debug|Any CPU.ActiveCfg = Debug|Any CPU
		{F4A67DC2-1EF8-41F6-B6E3-91C75C1B0C2F}.Debug|Any CPU.Build.0 = Debug|Any CPU
		{F4A67DC2-1EF8-41F6-B6E3-91C75C1B0C2F}.Release|Any CPU.ActiveCfg = Release|Any CPU
		{F4A67DC2-1EF8-41F6-B6E3-91C75C1B0C2F}.Release|Any CPU.Build.0 = Release|Any CPU
	EndGlobalSection
	GlobalSection(SolutionProperties) = preSolution
		HideSolutionNode = FALSE
	EndGlobalSection
	GlobalSection(ExtensibilityGlobals) = postSolution
		SolutionGuid = {B3EBD3B0-1674-4354-9D36-1A8729F01E4A}
	EndGlobalSection
EndGlobal
